
Microsoft Visual Studio Solution File, Format Version 12.00
# Visual Studio Version 17
VisualStudioVersion = 17.1.32328.378
MinimumVisualStudioVersion = 10.0.40219.1
Project("{FAE04EC0-301F-11D3-BF4B-00C04F79EFBC}") = "InvoiceModule", "InvoiceModule\InvoiceModule.csproj", "{3E76C03F-8DCA-48D2-9650-A3052BE6DF30}"
EndProject
Project("{FAE04EC0-301F-11D3-BF4B-00C04F79EFBC}") = "InvoiceModule.Tests", "InvoiceModule.Tests\InvoiceModule.Tests.csproj", "{F43E2C0E-2297-40C5-9DF5-45CAA9A6B4AB}"
EndProject
Global
	GlobalSection(SolutionConfigurationPlatforms) = preSolution
		Debug|Any CPU = Debug|Any CPU
		Release|Any CPU = Release|Any CPU
	EndGlobalSection
	GlobalSection(ProjectConfigurationPlatforms) = postSolution
		{3E76C03F-8DCA-48D2-9650-A3052BE6DF30}.Debug|Any CPU.ActiveCfg = Debug|Any CPU
		{3E76C03F-8DCA-48D2-9650-A3052BE6DF30}.Debug|Any CPU.Build.0 = Debug|Any CPU
		{3E76C03F-8DCA-48D2-9650-A3052BE6DF30}.Release|Any CPU.ActiveCfg = Release|Any CPU
		{3E76C03F-8DCA-48D2-9650-A3052BE6DF30}.Release|Any CPU.Build.0 = Release|Any CPU
		{F43E2C0E-2297-40C5-9DF5-45CAA9A6B4AB}.Debug|Any CPU.ActiveCfg = Debug|Any CPU
		{F43E2C0E-2297-40C5-9DF5-45CAA9A6B4AB}.Debug|Any CPU.Build.0 = Debug|Any CPU
		{F43E2C0E-2297-40C5-9DF5-45CAA9A6B4AB}.Release|Any CPU.ActiveCfg = Release|Any CPU
		{F43E2C0E-2297-40C5-9DF5-45CAA9A6B4AB}.Release|Any CPU.Build.0 = Release|Any CPU
	EndGlobalSection
	GlobalSection(SolutionProperties) = preSolution
		HideSolutionNode = FALSE
	EndGlobalSection
	GlobalSection(ExtensibilityGlobals) = postSolution
		SolutionGuid = {F998BCAA-FC8F-4168-8168-82D623D7D9C3}
	EndGlobalSection
EndGlobal
